
Microsoft Visual Studio Solution File, Format Version 12.00
# Visual Studio Version 16
VisualStudioVersion = 16.0.29905.134
MinimumVisualStudioVersion = 10.0.40219.1
Project("{FAE04EC0-301F-11D3-BF4B-00C04F79EFBC}") = "PracticeAngular", "PracticeAngular\PracticeAngular.csproj", "{58FEA0DA-EAE9-4AE1-9BBE-DB2C55081176}"
EndProject
Global
	GlobalSection(SolutionConfigurationPlatforms) = preSolution
		Debug|Any CPU = Debug|Any CPU
		Release|Any CPU = Release|Any CPU
	EndGlobalSection
	GlobalSection(ProjectConfigurationPlatforms) = postSolution
		{58FEA0DA-EAE9-4AE1-9BBE-DB2C55081176}.Debug|Any CPU.ActiveCfg = Debug|Any CPU
		{58FEA0DA-EAE9-4AE1-9BBE-DB2C55081176}.Debug|Any CPU.Build.0 = Debug|Any CPU
		{58FEA0DA-EAE9-4AE1-9BBE-DB2C55081176}.Release|Any CPU.ActiveCfg = Release|Any CPU
		{58FEA0DA-EAE9-4AE1-9BBE-DB2C55081176}.Release|Any CPU.Build.0 = Release|Any CPU
	EndGlobalSection
	GlobalSection(SolutionProperties) = preSolution
		HideSolutionNode = FALSE
	EndGlobalSection
	GlobalSection(ExtensibilityGlobals) = postSolution
		SolutionGuid = {D32FFC28-98D3-44B7-AB86-E740631B4B33}
	EndGlobalSection
EndGlobal
